
Microsoft Visual Studio Solution File, Format Version 12.00
# Visual Studio Version 16
VisualStudioVersion = 16.0.31702.278
MinimumVisualStudioVersion = 10.0.40219.1
Project("{FAE04EC0-301F-11D3-BF4B-00C04F79EFBC}") = "My_Wallet.Android", "My_Wallet\My_Wallet.Android\My_Wallet.Android.csproj", "{4B9E0778-16C2-477B-A6EA-9DCDEAC2C5F9}"
EndProject
Project("{FAE04EC0-301F-11D3-BF4B-00C04F79EFBC}") = "My_Wallet", "My_Wallet\My_Wallet\My_Wallet.csproj", "{3AB34D46-5111-49AA-BC87-7E9B4598BA94}"
EndProject
Global
	GlobalSection(SolutionConfigurationPlatforms) = preSolution
		Debug|Any CPU = Debug|Any CPU
		Release|Any CPU = Release|Any CPU
	EndGlobalSection
	GlobalSection(ProjectConfigurationPlatforms) = postSolution
		{4B9E0778-16C2-477B-A6EA-9DCDEAC2C5F9}.Debug|Any CPU.ActiveCfg = Debug|Any CPU
		{4B9E0778-16C2-477B-A6EA-9DCDEAC2C5F9}.Debug|Any CPU.Build.0 = Debug|Any CPU
		{4B9E0778-16C2-477B-A6EA-9DCDEAC2C5F9}.Debug|Any CPU.Deploy.0 = Debug|Any CPU
		{4B9E0778-16C2-477B-A6EA-9DCDEAC2C5F9}.Release|Any CPU.ActiveCfg = Release|Any CPU
		{4B9E0778-16C2-477B-A6EA-9DCDEAC2C5F9}.Release|Any CPU.Build.0 = Release|Any CPU
		{4B9E0778-16C2-477B-A6EA-9DCDEAC2C5F9}.Release|Any CPU.Deploy.0 = Release|Any CPU
		{3AB34D46-5111-49AA-BC87-7E9B4598BA94}.Debug|Any CPU.ActiveCfg = Debug|Any CPU
		{3AB34D46-5111-49AA-BC87-7E9B4598BA94}.Debug|Any CPU.Build.0 = Debug|Any CPU
		{3AB34D46-5111-49AA-BC87-7E9B4598BA94}.Debug|Any CPU.Deploy.0 = Debug|Any CPU
		{3AB34D46-5111-49AA-BC87-7E9B4598BA94}.Release|Any CPU.ActiveCfg = Release|Any CPU
		{3AB34D46-5111-49AA-BC87-7E9B4598BA94}.Release|Any CPU.Build.0 = Release|Any CPU
		{3AB34D46-5111-49AA-BC87-7E9B4598BA94}.Release|Any CPU.Deploy.0 = Release|Any CPU
	EndGlobalSection
	GlobalSection(SolutionProperties) = preSolution
		HideSolutionNode = FALSE
	EndGlobalSection
	GlobalSection(ExtensibilityGlobals) = postSolution
		SolutionGuid = {C7BF0551-A813-4E17-99AC-FBEF05F17F50}
	EndGlobalSection
EndGlobal
